
Microsoft Visual Studio Solution File, Format Version 12.00
# Visual Studio Version 16
VisualStudioVersion = 16.0.31424.327
MinimumVisualStudioVersion = 10.0.40219.1
Project("{FAE04EC0-301F-11D3-BF4B-00C04F79EFBC}") = "demoapp", "demoapp.csproj", "{048A506C-D9C9-44FF-9533-0F920186ECB5}"
EndProject
Global
	GlobalSection(SolutionConfigurationPlatforms) = preSolution
		Debug|Any CPU = Debug|Any CPU
		Release|Any CPU = Release|Any CPU
	EndGlobalSection
	GlobalSection(ProjectConfigurationPlatforms) = postSolution
		{048A506C-D9C9-44FF-9533-0F920186ECB5}.Debug|Any CPU.ActiveCfg = Debug|Any CPU
		{048A506C-D9C9-44FF-9533-0F920186ECB5}.Debug|Any CPU.Build.0 = Debug|Any CPU
		{048A506C-D9C9-44FF-9533-0F920186ECB5}.Release|Any CPU.ActiveCfg = Release|Any CPU
		{048A506C-D9C9-44FF-9533-0F920186ECB5}.Release|Any CPU.Build.0 = Release|Any CPU
	EndGlobalSection
	GlobalSection(SolutionProperties) = preSolution
		HideSolutionNode = FALSE
	EndGlobalSection
	GlobalSection(ExtensibilityGlobals) = postSolution
		SolutionGuid = {45B4581D-C79F-4CF0-8D2D-B38A597A3854}
	EndGlobalSection
EndGlobal
